lockfileVersion: 5.4

specifiers:
  prettier: ^2.8.3
  prettier-plugin-go-template: ^0.0.13

devDependencies:
  prettier: 2.8.3
  prettier-plugin-go-template: 0.0.13_prettier@2.8.3

packages:

  /prettier-plugin-go-template/0.0.13_prettier@2.8.3:
    resolution: {integrity: sha512-gG/xT5kd+kCzoMaTchXvdfBdsunyRCV6G8cgdPGPd2V5JGGKXUG7SjzBKU7jaGh2RTeblcAdBb/E+S/duOAMsA==}
    engines: {node: '>=14.0.0'}
    peerDependencies:
      prettier: ^2.0.0
    dependencies:
      prettier: 2.8.3
      ulid: 2.3.0
    dev: true

  /prettier/2.8.3:
    resolution: {integrity: sha512-tJ/oJ4amDihPoufT5sM0Z1SKEuKay8LfVAMlbbhnnkvt6BUserZylqo2PN+p9KeljLr0OHa2rXHU1T8reeoTrw==}
    engines: {node: '>=10.13.0'}
    hasBin: true
    dev: true

  /ulid/2.3.0:
    resolution: {integrity: sha512-keqHubrlpvT6G2wH0OEfSW4mquYRcbe/J8NMmveoQOjUqmo+hXtO+ORCpWhdbZ7k72UtY61BL7haGxW6enBnjw==}
    hasBin: true
    dev: true
